
Microsoft Visual Studio Solution File, Format Version 12.00
# Visual Studio Version 17
VisualStudioVersion = 17.2.32526.322
MinimumVisualStudioVersion = 10.0.40219.1
Project("{9A19103F-16F7-4668-BE54-9A1E7A4F7556}") = "ChinoEsquina.UPC.API", "ChinoEsquina.UPC.API\ChinoEsquina.UPC.API.csproj", "{CF6E1210-BDDF-4E08-A900-63DCC463DDE2}"
EndProject
Project("{9A19103F-16F7-4668-BE54-9A1E7A4F7556}") = "ChinoEsquina.UPC.EF", "ChinoEsquina.UPC.EF\ChinoEsquina.UPC.EF.csproj", "{430A6BD7-700A-48A4-B37A-0963A212159A}"
EndProject
Project("{9A19103F-16F7-4668-BE54-9A1E7A4F7556}") = "ChinoEsquina.UPC.BL", "ChinoEsquina.UPC.BL\ChinoEsquina.UPC.BL.csproj", "{BAC1FFD8-B260-416F-A957-1FB750E7D65E}"
EndProject
Project("{9A19103F-16F7-4668-BE54-9A1E7A4F7556}") = "ChinoEsquina.UPC.DA", "ChinoEsquina.UPC.DA\ChinoEsquina.UPC.DA.csproj", "{D0496F8C-F704-4B3D-81F9-9271BFCDBCBD}"
EndProject
Project("{2150E333-8FDC-42A3-9474-1A3956D46DE8}") = "01.Data", "01.Data", "{D762D26B-5B68-432D-9A6E-93822E9C1E19}"
EndProject
Project("{2150E333-8FDC-42A3-9474-1A3956D46DE8}") = "02.Business Logic", "02.Business Logic", "{272DB50F-C6E4-4D3D-9E05-F4DA3F0089FD}"
EndProject
Project("{2150E333-8FDC-42A3-9474-1A3956D46DE8}") = "03.Services", "03.Services", "{4EDD2E82-9FA7-4CF6-9561-CBAA0F6DD04F}"
EndProject
Project("{FAE04EC0-301F-11D3-BF4B-00C04F79EFBC}") = "ChinoEsquina.UPC.UT", "ChinoEsquina.UPC.UT\ChinoEsquina.UPC.UT.csproj", "{41617F7B-0F8F-4DA0-BA87-1C05DCEB67B4}"
EndProject
Project("{FAE04EC0-301F-11D3-BF4B-00C04F79EFBC}") = "ChinoEsquina.UPC.BE", "ChinoEsquina.UPC.BE\ChinoEsquina.UPC.BE.csproj", "{461C0765-F2BE-4555-AE1B-DE5037253259}"
EndProject
Global
	GlobalSection(SolutionConfigurationPlatforms) = preSolution
		Debug|Any CPU = Debug|Any CPU
		Release|Any CPU = Release|Any CPU
	EndGlobalSection
	GlobalSection(ProjectConfigurationPlatforms) = postSolution
		{CF6E1210-BDDF-4E08-A900-63DCC463DDE2}.Debug|Any CPU.ActiveCfg = Debug|Any CPU
		{CF6E1210-BDDF-4E08-A900-63DCC463DDE2}.Debug|Any CPU.Build.0 = Debug|Any CPU
		{CF6E1210-BDDF-4E08-A900-63DCC463DDE2}.Release|Any CPU.ActiveCfg = Release|Any CPU
		{CF6E1210-BDDF-4E08-A900-63DCC463DDE2}.Release|Any CPU.Build.0 = Release|Any CPU
		{430A6BD7-700A-48A4-B37A-0963A212159A}.Debug|Any CPU.ActiveCfg = Debug|Any CPU
		{430A6BD7-700A-48A4-B37A-0963A212159A}.Debug|Any CPU.Build.0 = Debug|Any CPU
		{430A6BD7-700A-48A4-B37A-0963A212159A}.Release|Any CPU.ActiveCfg = Release|Any CPU
		{430A6BD7-700A-48A4-B37A-0963A212159A}.Release|Any CPU.Build.0 = Release|Any CPU
		{BAC1FFD8-B260-416F-A957-1FB750E7D65E}.Debug|Any CPU.ActiveCfg = Debug|Any CPU
		{BAC1FFD8-B260-416F-A957-1FB750E7D65E}.Debug|Any CPU.Build.0 = Debug|Any CPU
		{BAC1FFD8-B260-416F-A957-1FB750E7D65E}.Release|Any CPU.ActiveCfg = Release|Any CPU
		{BAC1FFD8-B260-416F-A957-1FB750E7D65E}.Release|Any CPU.Build.0 = Release|Any CPU
		{D0496F8C-F704-4B3D-81F9-9271BFCDBCBD}.Debug|Any CPU.ActiveCfg = Debug|Any CPU
		{D0496F8C-F704-4B3D-81F9-9271BFCDBCBD}.Debug|Any CPU.Build.0 = Debug|Any CPU
		{D0496F8C-F704-4B3D-81F9-9271BFCDBCBD}.Release|Any CPU.ActiveCfg = Release|Any CPU
		{D0496F8C-F704-4B3D-81F9-9271BFCDBCBD}.Release|Any CPU.Build.0 = Release|Any CPU
		{41617F7B-0F8F-4DA0-BA87-1C05DCEB67B4}.Debug|Any CPU.ActiveCfg = Debug|Any CPU
		{41617F7B-0F8F-4DA0-BA87-1C05DCEB67B4}.Debug|Any CPU.Build.0 = Debug|Any CPU
		{41617F7B-0F8F-4DA0-BA87-1C05DCEB67B4}.Release|Any CPU.ActiveCfg = Release|Any CPU
		{41617F7B-0F8F-4DA0-BA87-1C05DCEB67B4}.Release|Any CPU.Build.0 = Release|Any CPU
		{461C0765-F2BE-4555-AE1B-DE5037253259}.Debug|Any CPU.ActiveCfg = Debug|Any CPU
		{461C0765-F2BE-4555-AE1B-DE5037253259}.Debug|Any CPU.Build.0 = Debug|Any CPU
		{461C0765-F2BE-4555-AE1B-DE5037253259}.Release|Any CPU.ActiveCfg = Release|Any CPU
		{461C0765-F2BE-4555-AE1B-DE5037253259}.Release|Any CPU.Build.0 = Release|Any CPU
	EndGlobalSection
	GlobalSection(SolutionProperties) = preSolution
		HideSolutionNode = FALSE
	EndGlobalSection
	GlobalSection(NestedProjects) = preSolution
		{CF6E1210-BDDF-4E08-A900-63DCC463DDE2} = {4EDD2E82-9FA7-4CF6-9561-CBAA0F6DD04F}
		{430A6BD7-700A-48A4-B37A-0963A212159A} = {D762D26B-5B68-432D-9A6E-93822E9C1E19}
		{BAC1FFD8-B260-416F-A957-1FB750E7D65E} = {272DB50F-C6E4-4D3D-9E05-F4DA3F0089FD}
		{D0496F8C-F704-4B3D-81F9-9271BFCDBCBD} = {D762D26B-5B68-432D-9A6E-93822E9C1E19}
		{41617F7B-0F8F-4DA0-BA87-1C05DCEB67B4} = {272DB50F-C6E4-4D3D-9E05-F4DA3F0089FD}
		{461C0765-F2BE-4555-AE1B-DE5037253259} = {272DB50F-C6E4-4D3D-9E05-F4DA3F0089FD}
	EndGlobalSection
	GlobalSection(ExtensibilityGlobals) = postSolution
		SolutionGuid = {D34A9221-9BE7-4FE3-BFD1-A0EEA524CF4C}
	EndGlobalSection
EndGlobal
